
Microsoft Visual Studio Solution File, Format Version 12.00
# Visual Studio 15
VisualStudioVersion = 15.0.27130.2027
MinimumVisualStudioVersion = 10.0.40219.1
Project("{FAE04EC0-301F-11D3-BF4B-00C04F79EFBC}") = "WebAppi2", "WebAppi2\WebAppi2.csproj", "{8AA0DA90-E26C-4804-AA9E-E2C171F016A0}"
EndProject
Project("{FAE04EC0-301F-11D3-BF4B-00C04F79EFBC}") = "MVC2", "MVC2\MVC2.csproj", "{28424040-2B74-4553-9C33-7416D81C5A8A}"
EndProject
Global
	GlobalSection(SolutionConfigurationPlatforms) = preSolution
		Debug|Any CPU = Debug|Any CPU
		Release|Any CPU = Release|Any CPU
	EndGlobalSection
	GlobalSection(ProjectConfigurationPlatforms) = postSolution
		{8AA0DA90-E26C-4804-AA9E-E2C171F016A0}.Debug|Any CPU.ActiveCfg = Debug|Any CPU
		{8AA0DA90-E26C-4804-AA9E-E2C171F016A0}.Debug|Any CPU.Build.0 = Debug|Any CPU
		{8AA0DA90-E26C-4804-AA9E-E2C171F016A0}.Release|Any CPU.ActiveCfg = Release|Any CPU
		{8AA0DA90-E26C-4804-AA9E-E2C171F016A0}.Release|Any CPU.Build.0 = Release|Any CPU
		{28424040-2B74-4553-9C33-7416D81C5A8A}.Debug|Any CPU.ActiveCfg = Debug|Any CPU
		{28424040-2B74-4553-9C33-7416D81C5A8A}.Debug|Any CPU.Build.0 = Debug|Any CPU
		{28424040-2B74-4553-9C33-7416D81C5A8A}.Release|Any CPU.ActiveCfg = Release|Any CPU
		{28424040-2B74-4553-9C33-7416D81C5A8A}.Release|Any CPU.Build.0 = Release|Any CPU
	EndGlobalSection
	GlobalSection(SolutionProperties) = preSolution
		HideSolutionNode = FALSE
	EndGlobalSection
	GlobalSection(ExtensibilityGlobals) = postSolution
		SolutionGuid = {56AC2B7F-F944-4A5B-A5D1-857751912AD1}
	EndGlobalSection
EndGlobal
